
Microsoft Visual Studio Solution File, Format Version 12.00
# Visual Studio 2013
VisualStudioVersion = 12.0.30110.0
MinimumVisualStudioVersion = 10.0.40219.1
Project("{FAE04EC0-301F-11D3-BF4B-00C04F79EFBC}") = "xdroid.WebViewDemo", "xdroid.WebViewDemo\xdroid.WebViewDemo.csproj", "{BA823FC1-9C21-4621-AF09-1DEDA75E18AD}"
EndProject
Project("{2150E333-8FDC-42A3-9474-1A3956D46DE8}") = "Solution Items", "Solution Items", "{D5FB4E57-DCF9-4A44-BE61-F4E5F6365949}"
	ProjectSection(SolutionItems) = preProject
		.gitignore = .gitignore
		LICENSE = LICENSE
		README.md = README.md
	EndProjectSection
EndProject
Global
	GlobalSection(SolutionConfigurationPlatforms) = preSolution
		Debug|Any CPU = Debug|Any CPU
		Release|Any CPU = Release|Any CPU
	EndGlobalSection
	GlobalSection(ProjectConfigurationPlatforms) = postSolution
		{BA823FC1-9C21-4621-AF09-1DEDA75E18AD}.Debug|Any CPU.ActiveCfg = Debug|Any CPU
		{BA823FC1-9C21-4621-AF09-1DEDA75E18AD}.Debug|Any CPU.Build.0 = Debug|Any CPU
		{BA823FC1-9C21-4621-AF09-1DEDA75E18AD}.Debug|Any CPU.Deploy.0 = Debug|Any CPU
		{BA823FC1-9C21-4621-AF09-1DEDA75E18AD}.Release|Any CPU.ActiveCfg = Release|Any CPU
		{BA823FC1-9C21-4621-AF09-1DEDA75E18AD}.Release|Any CPU.Build.0 = Release|Any CPU
		{BA823FC1-9C21-4621-AF09-1DEDA75E18AD}.Release|Any CPU.Deploy.0 = Release|Any CPU
	EndGlobalSection
	GlobalSection(SolutionProperties) = preSolution
		HideSolutionNode = FALSE
	EndGlobalSection
EndGlobal
